
Microsoft Visual Studio Solution File, Format Version 12.00
# Visual Studio Version 16
VisualStudioVersion = 16.0.31515.178
MinimumVisualStudioVersion = 10.0.40219.1
Project("{9A19103F-16F7-4668-BE54-9A1E7A4F7556}") = "WebApp", "samples\WebApp\WebApp.csproj", "{5F33A4DD-1B84-4B82-8FF1-FA9748A73C3E}"
EndProject
Project("{9A19103F-16F7-4668-BE54-9A1E7A4F7556}") = "ConsoleApp", "samples\ConsoleApp\ConsoleApp.csproj", "{AB1FD33F-4FC0-4344-9752-C93074727757}"
EndProject
Project("{2150E333-8FDC-42A3-9474-1A3956D46DE8}") = "lib", "lib", "{5F3D7CA4-6153-406B-9A66-17C2C6014A9F}"
EndProject
Project("{9A19103F-16F7-4668-BE54-9A1E7A4F7556}") = "HttpProxyGenerator.Consumer", "lib\HttpProxyGenerator.Consumer\HttpProxyGenerator.Consumer.csproj", "{BD397AB4-1C79-4953-BAE2-98A0174C7000}"
EndProject
Project("{9A19103F-16F7-4668-BE54-9A1E7A4F7556}") = "InterfacesLibrary", "samples\InterfacesLibrary\InterfacesLibrary.csproj", "{13318EB0-CA45-4A83-8863-7F1100980EF8}"
EndProject
Project("{9A19103F-16F7-4668-BE54-9A1E7A4F7556}") = "HttpProxyGenerator.Common", "lib\HttpProxyGenerator.Common\HttpProxyGenerator.Common.csproj", "{55F2879C-681B-48E3-AF30-DDE420625A55}"
EndProject
Project("{9A19103F-16F7-4668-BE54-9A1E7A4F7556}") = "HttpProxyGenerator.Client", "lib\HttpProxyGenerator.Client\HttpProxyGenerator.Client.csproj", "{20665E74-96B6-48D7-BC5A-18AF9DCF22DB}"
EndProject
Project("{2150E333-8FDC-42A3-9474-1A3956D46DE8}") = "samples", "samples", "{E9201DAB-25B4-4DE1-BA92-ADB4C9C9C5E8}"
EndProject
Global
	GlobalSection(SolutionConfigurationPlatforms) = preSolution
		Debug|Any CPU = Debug|Any CPU
		Release|Any CPU = Release|Any CPU
	EndGlobalSection
	GlobalSection(ProjectConfigurationPlatforms) = postSolution
		{5F33A4DD-1B84-4B82-8FF1-FA9748A73C3E}.Debug|Any CPU.ActiveCfg = Debug|Any CPU
		{5F33A4DD-1B84-4B82-8FF1-FA9748A73C3E}.Debug|Any CPU.Build.0 = Debug|Any CPU
		{5F33A4DD-1B84-4B82-8FF1-FA9748A73C3E}.Release|Any CPU.ActiveCfg = Release|Any CPU
		{5F33A4DD-1B84-4B82-8FF1-FA9748A73C3E}.Release|Any CPU.Build.0 = Release|Any CPU
		{AB1FD33F-4FC0-4344-9752-C93074727757}.Debug|Any CPU.ActiveCfg = Debug|Any CPU
		{AB1FD33F-4FC0-4344-9752-C93074727757}.Debug|Any CPU.Build.0 = Debug|Any CPU
		{AB1FD33F-4FC0-4344-9752-C93074727757}.Release|Any CPU.ActiveCfg = Release|Any CPU
		{AB1FD33F-4FC0-4344-9752-C93074727757}.Release|Any CPU.Build.0 = Release|Any CPU
		{BD397AB4-1C79-4953-BAE2-98A0174C7000}.Debug|Any CPU.ActiveCfg = Debug|Any CPU
		{BD397AB4-1C79-4953-BAE2-98A0174C7000}.Debug|Any CPU.Build.0 = Debug|Any CPU
		{BD397AB4-1C79-4953-BAE2-98A0174C7000}.Release|Any CPU.ActiveCfg = Release|Any CPU
		{BD397AB4-1C79-4953-BAE2-98A0174C7000}.Release|Any CPU.Build.0 = Release|Any CPU
		{13318EB0-CA45-4A83-8863-7F1100980EF8}.Debug|Any CPU.ActiveCfg = Debug|Any CPU
		{13318EB0-CA45-4A83-8863-7F1100980EF8}.Debug|Any CPU.Build.0 = Debug|Any CPU
		{13318EB0-CA45-4A83-8863-7F1100980EF8}.Release|Any CPU.ActiveCfg = Release|Any CPU
		{13318EB0-CA45-4A83-8863-7F1100980EF8}.Release|Any CPU.Build.0 = Release|Any CPU
		{55F2879C-681B-48E3-AF30-DDE420625A55}.Debug|Any CPU.ActiveCfg = Debug|Any CPU
		{55F2879C-681B-48E3-AF30-DDE420625A55}.Debug|Any CPU.Build.0 = Debug|Any CPU
		{55F2879C-681B-48E3-AF30-DDE420625A55}.Release|Any CPU.ActiveCfg = Release|Any CPU
		{55F2879C-681B-48E3-AF30-DDE420625A55}.Release|Any CPU.Build.0 = Release|Any CPU
		{20665E74-96B6-48D7-BC5A-18AF9DCF22DB}.Debug|Any CPU.ActiveCfg = Debug|Any CPU
		{20665E74-96B6-48D7-BC5A-18AF9DCF22DB}.Debug|Any CPU.Build.0 = Debug|Any CPU
		{20665E74-96B6-48D7-BC5A-18AF9DCF22DB}.Release|Any CPU.ActiveCfg = Release|Any CPU
		{20665E74-96B6-48D7-BC5A-18AF9DCF22DB}.Release|Any CPU.Build.0 = Release|Any CPU
	EndGlobalSection
	GlobalSection(SolutionProperties) = preSolution
		HideSolutionNode = FALSE
	EndGlobalSection
	GlobalSection(NestedProjects) = preSolution
		{5F33A4DD-1B84-4B82-8FF1-FA9748A73C3E} = {E9201DAB-25B4-4DE1-BA92-ADB4C9C9C5E8}
		{AB1FD33F-4FC0-4344-9752-C93074727757} = {E9201DAB-25B4-4DE1-BA92-ADB4C9C9C5E8}
		{BD397AB4-1C79-4953-BAE2-98A0174C7000} = {5F3D7CA4-6153-406B-9A66-17C2C6014A9F}
		{13318EB0-CA45-4A83-8863-7F1100980EF8} = {E9201DAB-25B4-4DE1-BA92-ADB4C9C9C5E8}
		{55F2879C-681B-48E3-AF30-DDE420625A55} = {5F3D7CA4-6153-406B-9A66-17C2C6014A9F}
		{20665E74-96B6-48D7-BC5A-18AF9DCF22DB} = {5F3D7CA4-6153-406B-9A66-17C2C6014A9F}
	EndGlobalSection
	GlobalSection(ExtensibilityGlobals) = postSolution
		SolutionGuid = {AE5EEC5E-D155-44C3-B948-EEDA61F7879D}
	EndGlobalSection
EndGlobal
